
Microsoft Visual Studio Solution File, Format Version 12.00
# Visual Studio Version 17
VisualStudioVersion = 17.0.32014.148
MinimumVisualStudioVersion = 10.0.40219.1
Project("{FAE04EC0-301F-11D3-BF4B-00C04F79EFBC}") = "infoEducatie", "infoEducatie.csproj", "{EB4DD06E-1790-4FD9-83E4-328EFD5A2BB8}"
EndProject
Global
	GlobalSection(SolutionConfigurationPlatforms) = preSolution
		Debug|Any CPU = Debug|Any CPU
		Release|Any CPU = Release|Any CPU
	EndGlobalSection
	GlobalSection(ProjectConfigurationPlatforms) = postSolution
		{EB4DD06E-1790-4FD9-83E4-328EFD5A2BB8}.Debug|Any CPU.ActiveCfg = Debug|Any CPU
		{EB4DD06E-1790-4FD9-83E4-328EFD5A2BB8}.Debug|Any CPU.Build.0 = Debug|Any CPU
		{EB4DD06E-1790-4FD9-83E4-328EFD5A2BB8}.Release|Any CPU.ActiveCfg = Release|Any CPU
		{EB4DD06E-1790-4FD9-83E4-328EFD5A2BB8}.Release|Any CPU.Build.0 = Release|Any CPU
	EndGlobalSection
	GlobalSection(SolutionProperties) = preSolution
		HideSolutionNode = FALSE
	EndGlobalSection
	GlobalSection(ExtensibilityGlobals) = postSolution
		SolutionGuid = {43305182-AABE-45C6-9329-3B850BE356D9}
	EndGlobalSection
EndGlobal
